
Microsoft Visual Studio Solution File, Format Version 12.00
# Visual Studio Version 17
VisualStudioVersion = 17.11.35312.102
MinimumVisualStudioVersion = 10.0.40219.1
Project("{FAE04EC0-301F-11D3-BF4B-00C04F79EFBC}") = "JJTMS_IT16", "JJTMS_IT16\JJTMS_IT16.csproj", "{4E6E5E3E-CF0A-437B-8CB2-ECEA58FC21F6}"
EndProject
Global
	GlobalSection(SolutionConfigurationPlatforms) = preSolution
		Debug|Any CPU = Debug|Any CPU
		Release|Any CPU = Release|Any CPU
	EndGlobalSection
	GlobalSection(ProjectConfigurationPlatforms) = postSolution
		{4E6E5E3E-CF0A-437B-8CB2-ECEA58FC21F6}.Debug|Any CPU.ActiveCfg = Debug|Any CPU
		{4E6E5E3E-CF0A-437B-8CB2-ECEA58FC21F6}.Debug|Any CPU.Build.0 = Debug|Any CPU
		{4E6E5E3E-CF0A-437B-8CB2-ECEA58FC21F6}.Release|Any CPU.ActiveCfg = Release|Any CPU
		{4E6E5E3E-CF0A-437B-8CB2-ECEA58FC21F6}.Release|Any CPU.Build.0 = Release|Any CPU
	EndGlobalSection
	GlobalSection(SolutionProperties) = preSolution
		HideSolutionNode = FALSE
	EndGlobalSection
	GlobalSection(ExtensibilityGlobals) = postSolution
		SolutionGuid = {9D25609F-F4F3-4061-8A13-F54B32663B7B}
	EndGlobalSection
EndGlobal
